
Microsoft Visual Studio Solution File, Format Version 12.00
# Visual Studio Version 16
VisualStudioVersion = 16.0.29911.84
MinimumVisualStudioVersion = 10.0.40219.1
Project("{FAE04EC0-301F-11D3-BF4B-00C04F79EFBC}") = "GitHubExperiments", "GitHubExperiments.csproj", "{7B5F1A2D-51FF-4266-A082-D6D9A9BC9EFB}"
EndProject
Global
	GlobalSection(SolutionConfigurationPlatforms) = preSolution
		Debug|Any CPU = Debug|Any CPU
		Release|Any CPU = Release|Any CPU
	EndGlobalSection
	GlobalSection(ProjectConfigurationPlatforms) = postSolution
		{7B5F1A2D-51FF-4266-A082-D6D9A9BC9EFB}.Debug|Any CPU.ActiveCfg = Debug|Any CPU
		{7B5F1A2D-51FF-4266-A082-D6D9A9BC9EFB}.Debug|Any CPU.Build.0 = Debug|Any CPU
		{7B5F1A2D-51FF-4266-A082-D6D9A9BC9EFB}.Release|Any CPU.ActiveCfg = Release|Any CPU
		{7B5F1A2D-51FF-4266-A082-D6D9A9BC9EFB}.Release|Any CPU.Build.0 = Release|Any CPU
	EndGlobalSection
	GlobalSection(SolutionProperties) = preSolution
		HideSolutionNode = FALSE
	EndGlobalSection
	GlobalSection(ExtensibilityGlobals) = postSolution
		SolutionGuid = {C6CC865D-FB4C-4336-B5B1-23380ECFB003}
	EndGlobalSection
EndGlobal
